
Microsoft Visual Studio Solution File, Format Version 12.00
# Visual Studio 14
VisualStudioVersion = 14.0.24720.0
MinimumVisualStudioVersion = 10.0.40219.1
Project("{FAE04EC0-301F-11D3-BF4B-00C04F79EFBC}") = "lab5", "lab5\lab5.csproj", "{806F2763-3C29-4E7F-BC18-C3D25D4CED1B}"
EndProject
Project("{FAE04EC0-301F-11D3-BF4B-00C04F79EFBC}") = "lab6", "lab6\lab6.csproj", "{CC71CF7B-1C96-4017-99B6-020F8E0CE08A}"
EndProject
Project("{FAE04EC0-301F-11D3-BF4B-00C04F79EFBC}") = "lab7", "lab7\lab7.csproj", "{D636161F-A9FF-4264-9189-D59F13CD1D34}"
EndProject
Project("{FAE04EC0-301F-11D3-BF4B-00C04F79EFBC}") = "lab8", "lab8\lab8.csproj", "{E4E4F5A6-A70D-4C92-99A2-F9EDE1C6796D}"
EndProject
Project("{FAE04EC0-301F-11D3-BF4B-00C04F79EFBC}") = "lab9", "lab9\lab9.csproj", "{B8F0126B-97CD-4FE3-B28A-3FAA7F4B29CE}"
EndProject
Global
	GlobalSection(SolutionConfigurationPlatforms) = preSolution
		Debug|Any CPU = Debug|Any CPU
		Release|Any CPU = Release|Any CPU
	EndGlobalSection
	GlobalSection(ProjectConfigurationPlatforms) = postSolution
		{806F2763-3C29-4E7F-BC18-C3D25D4CED1B}.Debug|Any CPU.ActiveCfg = Debug|Any CPU
		{806F2763-3C29-4E7F-BC18-C3D25D4CED1B}.Debug|Any CPU.Build.0 = Debug|Any CPU
		{806F2763-3C29-4E7F-BC18-C3D25D4CED1B}.Release|Any CPU.ActiveCfg = Release|Any CPU
		{806F2763-3C29-4E7F-BC18-C3D25D4CED1B}.Release|Any CPU.Build.0 = Release|Any CPU
		{CC71CF7B-1C96-4017-99B6-020F8E0CE08A}.Debug|Any CPU.ActiveCfg = Debug|Any CPU
		{CC71CF7B-1C96-4017-99B6-020F8E0CE08A}.Debug|Any CPU.Build.0 = Debug|Any CPU
		{CC71CF7B-1C96-4017-99B6-020F8E0CE08A}.Release|Any CPU.ActiveCfg = Release|Any CPU
		{CC71CF7B-1C96-4017-99B6-020F8E0CE08A}.Release|Any CPU.Build.0 = Release|Any CPU
		{D636161F-A9FF-4264-9189-D59F13CD1D34}.Debug|Any CPU.ActiveCfg = Debug|Any CPU
		{D636161F-A9FF-4264-9189-D59F13CD1D34}.Debug|Any CPU.Build.0 = Debug|Any CPU
		{D636161F-A9FF-4264-9189-D59F13CD1D34}.Release|Any CPU.ActiveCfg = Release|Any CPU
		{D636161F-A9FF-4264-9189-D59F13CD1D34}.Release|Any CPU.Build.0 = Release|Any CPU
		{E4E4F5A6-A70D-4C92-99A2-F9EDE1C6796D}.Debug|Any CPU.ActiveCfg = Debug|Any CPU
		{E4E4F5A6-A70D-4C92-99A2-F9EDE1C6796D}.Debug|Any CPU.Build.0 = Debug|Any CPU
		{E4E4F5A6-A70D-4C92-99A2-F9EDE1C6796D}.Release|Any CPU.ActiveCfg = Release|Any CPU
		{E4E4F5A6-A70D-4C92-99A2-F9EDE1C6796D}.Release|Any CPU.Build.0 = Release|Any CPU
		{B8F0126B-97CD-4FE3-B28A-3FAA7F4B29CE}.Debug|Any CPU.ActiveCfg = Debug|Any CPU
		{B8F0126B-97CD-4FE3-B28A-3FAA7F4B29CE}.Debug|Any CPU.Build.0 = Debug|Any CPU
		{B8F0126B-97CD-4FE3-B28A-3FAA7F4B29CE}.Release|Any CPU.ActiveCfg = Release|Any CPU
		{B8F0126B-97CD-4FE3-B28A-3FAA7F4B29CE}.Release|Any CPU.Build.0 = Release|Any CPU
	EndGlobalSection
	GlobalSection(SolutionProperties) = preSolution
		HideSolutionNode = FALSE
	EndGlobalSection
EndGlobal
